
Microsoft Visual Studio Solution File, Format Version 12.00
# Visual Studio Version 17
VisualStudioVersion = 17.7.34031.279
MinimumVisualStudioVersion = 10.0.40219.1
Project("{FAE04EC0-301F-11D3-BF4B-00C04F79EFBC}") = "Csharp-abstracao-de-celular", "Csharp-abstracao-de-celular.csproj", "{4C13136A-F3D9-4510-9D3E-5A501123AA67}"
EndProject
Global
	GlobalSection(SolutionConfigurationPlatforms) = preSolution
		Debug|Any CPU = Debug|Any CPU
		Release|Any CPU = Release|Any CPU
	EndGlobalSection
	GlobalSection(ProjectConfigurationPlatforms) = postSolution
		{4C13136A-F3D9-4510-9D3E-5A501123AA67}.Debug|Any CPU.ActiveCfg = Debug|Any CPU
		{4C13136A-F3D9-4510-9D3E-5A501123AA67}.Debug|Any CPU.Build.0 = Debug|Any CPU
		{4C13136A-F3D9-4510-9D3E-5A501123AA67}.Release|Any CPU.ActiveCfg = Release|Any CPU
		{4C13136A-F3D9-4510-9D3E-5A501123AA67}.Release|Any CPU.Build.0 = Release|Any CPU
	EndGlobalSection
	GlobalSection(SolutionProperties) = preSolution
		HideSolutionNode = FALSE
	EndGlobalSection
	GlobalSection(ExtensibilityGlobals) = postSolution
		SolutionGuid = {EF4384DC-595A-4E0E-B20B-25DBA28E34A2}
	EndGlobalSection
EndGlobal
